// !$*UTF8*$!
{
	archiveVersion = 1;
	classes = {
	};
	objectVersion = 46;
	objects = {

/* Begin PBXBuildFile section */
		7426FB3E1E06E88400FB6216 /* AddPizzaViewController.swift in Sources */ = {isa = PBXBuildFile; fileRef = 7426FB3D1E06E88400FB6216 /* AddPizzaViewController.swift */; };
		743135D61E005A8600984253 /* AppDelegate.swift in Sources */ = {isa = PBXBuildFile; fileRef = 743135D51E005A8600984253 /* AppDelegate.swift */; };
		743135D81E005A8700984253 /* PizzasViewController.swift in Sources */ = {isa = PBXBuildFile; fileRef = 743135D71E005A8700984253 /* PizzasViewController.swift */; };
		743135DB1E005A8700984253 /* Main.storyboard in Resources */ = {isa = PBXBuildFile; fileRef = 743135D91E005A8700984253 /* Main.storyboard */; };
		743135DD1E005A8700984253 /* Assets.xcassets in Resources */ = {isa = PBXBuildFile; fileRef = 743135DC1E005A8700984253 /* Assets.xcassets */; };
		743135E01E005A8700984253 /* LaunchScreen.storyboard in Resources */ = {isa = PBXBuildFile; fileRef = 743135DE1E005A8700984253 /* LaunchScreen.storyboard */; };
		749C0BF11E0AC35600DC2F0F /* README.MD in Resources */ = {isa = PBXBuildFile; fileRef = 749C0BF01E0AC35600DC2F0F /* README.MD */; };
		74B571B71E05A1F20034047E /* PizzaView.xib in Resources */ = {isa = PBXBuildFile; fileRef = 74B571B61E05A1F20034047E /* PizzaView.xib */; };
		74B571B91E05A2160034047E /* PizzaView.swift in Sources */ = {isa = PBXBuildFile; fileRef = 74B571B81E05A2160034047E /* PizzaView.swift */; };
		74E659381E018CC50040424D /* GoogleService-Info.plist in Resources */ = {isa = PBXBuildFile; fileRef = 74E659371E018CC50040424D /* GoogleService-Info.plist */; };
		9D376549DA8B2BE297543E19 /* Pods_Focacia.framework in Frameworks */ = {isa = PBXBuildFile; fileRef = 84F581451180996D8E47132E /* Pods_Focacia.framework */; };
/* End PBXBuildFile section */

/* Begin PBXFileReference section */
		7426FB3D1E06E88400FB6216 /* AddPizzaViewController.swift */ = {isa = PBXFileReference; fileEncoding = 4; lastKnownFileType = sourcecode.swift; path = AddPizzaViewController.swift; sourceTree = "<group>"; };
		743135D21E005A8600984253 /* Focacia.app */ = {isa = PBXFileReference; explicitFileType = wrapper.application; includeInIndex = 0; path = Focacia.app; sourceTree = BUILT_PRODUCTS_DIR; };
		743135D51E005A8600984253 /* AppDelegate.swift */ = {isa = PBXFileReference; lastKnownFileType = sourcecode.swift; path = AppDelegate.swift; sourceTree = "<group>"; };
		743135D71E005A8700984253 /* PizzasViewController.swift */ = {isa = PBXFileReference; lastKnownFileType = sourcecode.swift; path = PizzasViewController.swift; sourceTree = "<group>"; };
		743135DA1E005A8700984253 /* Base */ = {isa = PBXFileReference; lastKnownFileType = file.storyboard; name = Base; path = Base.lproj/Main.storyboard; sourceTree = "<group>"; };
		743135DC1E005A8700984253 /* Assets.xcassets */ = {isa = PBXFileReference; lastKnownFileType = folder.assetcatalog; path = Assets.xcassets; sourceTree = "<group>"; };
		743135DF1E005A8700984253 /* Base */ = {isa = PBXFileReference; lastKnownFileType = file.storyboard; name = Base; path = Base.lproj/LaunchScreen.storyboard; sourceTree = "<group>"; };
		7435C3CC1E054DD70021697A /* Focacia-Bridging-Header.h */ = {isa = PBXFileReference; lastKnownFileType = sourcecode.c.h; path = "Focacia-Bridging-Header.h"; sourceTree = "<group>"; };
		749C0BF01E0AC35600DC2F0F /* README.MD */ = {isa = PBXFileReference; fileEncoding = 4; lastKnownFileType = net.daringfireball.markdown; path = README.MD; sourceTree = "<group>"; };
		74B571B61E05A1F20034047E /* PizzaView.xib */ = {isa = PBXFileReference; fileEncoding = 4; lastKnownFileType = file.xib; path = PizzaView.xib; sourceTree = "<group>"; };
		74B571B81E05A2160034047E /* PizzaView.swift */ = {isa = PBXFileReference; fileEncoding = 4; lastKnownFileType = sourcecode.swift; path = PizzaView.swift; sourceTree = "<group>"; };
		74E659371E018CC50040424D /* GoogleService-Info.plist */ = {isa = PBXFileReference; fileEncoding = 4; lastKnownFileType = text.plist.xml; path = "GoogleService-Info.plist"; sourceTree = "<group>"; };
		84F581451180996D8E47132E /* Pods_Focacia.framework */ = {isa = PBXFileReference; explicitFileType = wrapper.framework; includeInIndex = 0; path = Pods_Focacia.framework; sourceTree = BUILT_PRODUCTS_DIR; };
		9C17E692B53C25AF00D5720F /* Pods-Focacia.release.xcconfig */ = {isa = PBXFileReference; includeInIndex = 1; lastKnownFileType = text.xcconfig; name = "Pods-Focacia.release.xcconfig"; path = "Pods/Target Support Files/Pods-Focacia/Pods-Focacia.release.xcconfig"; sourceTree = "<group>"; };
		D560480793027C18F8F83FE7 /* Pods-Focacia.debug.xcconfig */ = {isa = PBXFileReference; includeInIndex = 1; lastKnownFileType = text.xcconfig; name = "Pods-Focacia.debug.xcconfig"; path = "Pods/Target Support Files/Pods-Focacia/Pods-Focacia.debug.xcconfig"; sourceTree = "<group>"; };
/* End PBXFileReference section */

/* Begin PBXFrameworksBuildPhase section */
		743135CF1E005A8600984253 /* Frameworks */ = {
			isa = PBXFrameworksBuildPhase;
			buildActionMask = 2147483647;
			files = (
				9D376549DA8B2BE297543E19 /* Pods_Focacia.framework in Frameworks */,
			);
			runOnlyForDeploymentPostprocessing = 0;
		};
/* End PBXFrameworksBuildPhase section */

/* Begin PBXGroup section */
		6796A611E7565402CC566D07 /* Frameworks */ = {
			isa = PBXGroup;
			children = (
				84F581451180996D8E47132E /* Pods_Focacia.framework */,
			);
			name = Frameworks;
			sourceTree = "<group>";
		};
		7426FB3F1E06E89800FB6216 /* Stuff */ = {
			isa = PBXGroup;
			children = (
				74E659371E018CC50040424D /* GoogleService-Info.plist */,
				743135D51E005A8600984253 /* AppDelegate.swift */,
				743135DC1E005A8700984253 /* Assets.xcassets */,
				743135DE1E005A8700984253 /* LaunchScreen.storyboard */,
				7435C3CC1E054DD70021697A /* Focacia-Bridging-Header.h */,
			);
			name = Stuff;
			sourceTree = "<group>";
		};
		7426FB401E06E8AD00FB6216 /* Controller */ = {
			isa = PBXGroup;
			children = (
				743135D71E005A8700984253 /* PizzasViewController.swift */,
				7426FB3D1E06E88400FB6216 /* AddPizzaViewController.swift */,
			);
			name = Controller;
			sourceTree = "<group>";
		};
		743135C91E005A8600984253 = {
			isa = PBXGroup;
			children = (
				749C0BF01E0AC35600DC2F0F /* README.MD */,
				743135D41E005A8600984253 /* Focacia */,
				743135D31E005A8600984253 /* Products */,
				FC98BDDCB6D4B739AD34CED2 /* Pods */,
				6796A611E7565402CC566D07 /* Frameworks */,
			);
			sourceTree = "<group>";
		};
		743135D31E005A8600984253 /* Products */ = {
			isa = PBXGroup;
			children = (
				743135D21E005A8600984253 /* Focacia.app */,
			);
			name = Products;
			sourceTree = "<group>";
		};
		743135D41E005A8600984253 /* Focacia */ = {
			isa = PBXGroup;
			children = (
				74B571B61E05A1F20034047E /* PizzaView.xib */,
				74B571B81E05A2160034047E /* PizzaView.swift */,
				7426FB3F1E06E89800FB6216 /* Stuff */,
				7426FB401E06E8AD00FB6216 /* Controller */,
				743135D91E005A8700984253 /* Main.storyboard */,
			);
			path = Focacia;
			sourceTree = "<group>";
		};
		FC98BDDCB6D4B739AD34CED2 /* Pods */ = {
			isa = PBXGroup;
			children = (
				D560480793027C18F8F83FE7 /* Pods-Focacia.debug.xcconfig */,
				9C17E692B53C25AF00D5720F /* Pods-Focacia.release.xcconfig */,
			);
			name = Pods;
			sourceTree = "<group>";
		};
/* End PBXGroup section */

/* Begin PBXNativeTarget section */
		743135D11E005A8600984253 /* Focacia */ = {
			isa = PBXNativeTarget;
			buildConfigurationList = 743135E41E005A8700984253 /* Build configuration list for PBXNativeTarget "Focacia" */;
			buildPhases = (
				39771F135E0BBCEFE1341DA7 /* [CP] Check Pods Manifest.lock */,
				743135CE1E005A8600984253 /* Sources */,
				743135CF1E005A8600984253 /* Frameworks */,
				743135D01E005A8600984253 /* Resources */,
				2CF3A66B4D862568B086041A /* [CP] Embed Pods Frameworks */,
				4F646883C5774E47F241835A /* [CP] Copy Pods Resources */,
			);
			buildRules = (
			);
			dependencies = (
			);
			name = Focacia;
			productName = Focacia;
			productReference = 743135D21E005A8600984253 /* Focacia.app */;
			productType = "com.apple.product-type.application";
		};
/* End PBXNativeTarget section */

/* Begin PBXProject section */
		743135CA1E005A8600984253 /* Project object */ = {
			isa = PBXProject;
			attributes = {
				LastSwiftUpdateCheck = 0810;
				LastUpgradeCheck = 0810;
				ORGANIZATIONNAME = "Yegor's Mac";
				TargetAttributes = {
					743135D11E005A8600984253 = {
						CreatedOnToolsVersion = 8.1;
						LastSwiftMigration = 0820;
						ProvisioningStyle = Automatic;
					};
				};
			};
			buildConfigurationList = 743135CD1E005A8600984253 /* Build configuration list for PBXProject "Focacia" */;
			compatibilityVersion = "Xcode 3.2";
			developmentRegion = English;
			hasScannedForEncodings = 0;
			knownRegions = (
				en,
				Base,
			);
			mainGroup = 743135C91E005A8600984253;
			productRefGroup = 743135D31E005A8600984253 /* Products */;
			projectDirPath = "";
			projectRoot = "";
			targets = (
				743135D11E005A8600984253 /* Focacia */,
			);
		};
/* End PBXProject section */

/* Begin PBXResourcesBuildPhase section */
		743135D01E005A8600984253 /* Resources */ = {
			isa = PBXResourcesBuildPhase;
			buildActionMask = 2147483647;
			files = (
				743135E01E005A8700984253 /* LaunchScreen.storyboard in Resources */,
				74E659381E018CC50040424D /* GoogleService-Info.plist in Resources */,
				743135DD1E005A8700984253 /* Assets.xcassets in Resources */,
				749C0BF11E0AC35600DC2F0F /* README.MD in Resources */,
				74B571B71E05A1F20034047E /* PizzaView.xib in Resources */,
				743135DB1E005A8700984253 /* Main.storyboard in Resources */,
			);
			runOnlyForDeploymentPostprocessing = 0;
		};
/* End PBXResourcesBuildPhase section */

/* Begin PBXShellScriptBuildPhase section */
		2CF3A66B4D862568B086041A /* [CP] Embed Pods Frameworks */ = {
			isa = PBXShellScriptBuildPhase;
			buildActionMask = 2147483647;
			files = (
			);
			inputPaths = (
			);
			name = "[CP] Embed Pods Frameworks";
			outputPaths = (
			);
			runOnlyForDeploymentPostprocessing = 0;
			shellPath = /bin/sh;
			shellScript = "\"${SRCROOT}/Pods/Target Support Files/Pods-Focacia/Pods-Focacia-frameworks.sh\"\n";
			showEnvVarsInLog = 0;
		};
		39771F135E0BBCEFE1341DA7 /* [CP] Check Pods Manifest.lock */ = {
			isa = PBXShellScriptBuildPhase;
			buildActionMask = 2147483647;
			files = (
			);
			inputPaths = (
			);
			name = "[CP] Check Pods Manifest.lock";
			outputPaths = (
			);
			runOnlyForDeploymentPostprocessing = 0;
			shellPath = /bin/sh;
			shellScript = "diff \"${PODS_ROOT}/../Podfile.lock\" \"${PODS_ROOT}/Manifest.lock\" > /dev/null\nif [ $? != 0 ] ; then\n    # print error to STDERR\n    echo \"error: The sandbox is not in sync with the Podfile.lock. Run 'pod install' or update your CocoaPods installation.\" >&2\n    exit 1\nfi\n";
			showEnvVarsInLog = 0;
		};
		4F646883C5774E47F241835A /* [CP] Copy Pods Resources */ = {
			isa = PBXShellScriptBuildPhase;
			buildActionMask = 2147483647;
			files = (
			);
			inputPaths = (
			);
			name = "[CP] Copy Pods Resources";
			outputPaths = (
			);
			runOnlyForDeploymentPostprocessing = 0;
			shellPath = /bin/sh;
			shellScript = "\"${SRCROOT}/Pods/Target Support Files/Pods-Focacia/Pods-Focacia-resources.sh\"\n";
			showEnvVarsInLog = 0;
		};
/* End PBXShellScriptBuildPhase section */

/* Begin PBXSourcesBuildPhase section */
		743135CE1E005A8600984253 /* Sources */ = {
			isa = PBXSourcesBuildPhase;
			buildActionMask = 2147483647;
			files = (
				743135D81E005A8700984253 /* PizzasViewController.swift in Sources */,
				7426FB3E1E06E88400FB6216 /* AddPizzaViewController.swift in Sources */,
				74B571B91E05A2160034047E /* PizzaView.swift in Sources */,
				743135D61E005A8600984253 /* AppDelegate.swift in Sources */,
			);
			runOnlyForDeploymentPostprocessing = 0;
		};
/* End PBXSourcesBuildPhase section */

/* Begin PBXVariantGroup section */
		743135D91E005A8700984253 /* Main.storyboard */ = {
			isa = PBXVariantGroup;
			children = (
				743135DA1E005A8700984253 /* Base */,
			);
			name = Main.storyboard;
			sourceTree = "<group>";
		};
		743135DE1E005A8700984253 /* LaunchScreen.storyboard */ = {
			isa = PBXVariantGroup;
			children = (
				743135DF1E005A8700984253 /* Base */,
			);
			name = LaunchScreen.storyboard;
			sourceTree = "<group>";
		};
/* End PBXVariantGroup section */

/* Begin XCBuildConfiguration section */
		743135E21E005A8700984253 /* Debug */ = {
			isa = XCBuildConfiguration;
			buildSettings = {
				ALWAYS_SEARCH_USER_PATHS = NO;
				CLANG_ANALYZER_NONNULL = YES;
				CLANG_CXX_LANGUAGE_STANDARD = "gnu++0x";
				CLANG_CXX_LIBRARY = "libc++";
				CLANG_ENABLE_MODULES = YES;
				CLANG_ENABLE_OBJC_ARC = YES;
				CLANG_WARN_BOOL_CONVERSION = YES;
				CLANG_WARN_CONSTANT_CONVERSION = YES;
				CLANG_WARN_DIRECT_OBJC_ISA_USAGE = YES_ERROR;
				CLANG_WARN_DOCUMENTATION_COMMENTS = YES;
				CLANG_WARN_EMPTY_BODY = YES;
				CLANG_WARN_ENUM_CONVERSION = YES;
				CLANG_WARN_INFINITE_RECURSION = YES;
				CLANG_WARN_INT_CONVERSION = YES;
				CLANG_WARN_OBJC_ROOT_CLASS = YES_ERROR;
				CLANG_WARN_SUSPICIOUS_MOVE = YES;
				CLANG_WARN_SUSPICIOUS_MOVES = YES;
				CLANG_WARN_UNREACHABLE_CODE = YES;
				CLANG_WARN__DUPLICATE_METHOD_MATCH = YES;
				"CODE_SIGN_IDENTITY[sdk=iphoneos*]" = "iPhone Developer";
				COPY_PHASE_STRIP = NO;
				DEBUG_INFORMATION_FORMAT = dwarf;
				ENABLE_STRICT_OBJC_MSGSEND = YES;
				ENABLE_TESTABILITY = YES;
				GCC_C_LANGUAGE_STANDARD = gnu99;
				GCC_DYNAMIC_NO_PIC = NO;
				GCC_NO_COMMON_BLOCKS = YES;
				GCC_OPTIMIZATION_LEVEL = 0;
				GCC_PREPROCESSOR_DEFINITIONS = (
					"DEBUG=1",
					"$(inherited)",
				);
				GCC_WARN_64_TO_32_BIT_CONVERSION = YES;
				GCC_WARN_ABOUT_RETURN_TYPE = YES_ERROR;
				GCC_WARN_UNDECLARED_SELECTOR = YES;
				GCC_WARN_UNINITIALIZED_AUTOS = YES_AGGRESSIVE;
				GCC_WARN_UNUSED_FUNCTION = YES;
				GCC_WARN_UNUSED_VARIABLE = YES;
				IPHONEOS_DEPLOYMENT_TARGET = 10.1;
				MTL_ENABLE_DEBUG_INFO = YES;
				ONLY_ACTIVE_ARCH = YES;
				SDKROOT = iphoneos;
				SWIFT_ACTIVE_COMPILATION_CONDITIONS = DEBUG;
				SWIFT_OPTIMIZATION_LEVEL = "-Onone";
			};
			name = Debug;
		};
		743135E31E005A8700984253 /* Release */ = {
			isa = XCBuildConfiguration;
			buildSettings = {
				ALWAYS_SEARCH_USER_PATHS = NO;
				CLANG_ANALYZER_NONNULL = YES;
				CLANG_CXX_LANGUAGE_STANDARD = "gnu++0x";
				CLANG_CXX_LIBRARY = "libc++";
				CLANG_ENABLE_MODULES = YES;
				CLANG_ENABLE_OBJC_ARC = YES;
				CLANG_WARN_BOOL_CONVERSION = YES;
				CLANG_WARN_CONSTANT_CONVERSION = YES;
				CLANG_WARN_DIRECT_OBJC_ISA_USAGE = YES_ERROR;
				CLANG_WARN_DOCUMENTATION_COMMENTS = YES;
				CLANG_WARN_EMPTY_BODY = YES;
				CLANG_WARN_ENUM_CONVERSION = YES;
				CLANG_WARN_INFINITE_RECURSION = YES;
				CLANG_WARN_INT_CONVERSION = YES;
				CLANG_WARN_OBJC_ROOT_CLASS = YES_ERROR;
				CLANG_WARN_SUSPICIOUS_MOVE = YES;
				CLANG_WARN_SUSPICIOUS_MOVES = YES;
				CLANG_WARN_UNREACHABLE_CODE = YES;
				CLANG_WARN__DUPLICATE_METHOD_MATCH = YES;
				"CODE_SIGN_IDENTITY[sdk=iphoneos*]" = "iPhone Developer";
				COPY_PHASE_STRIP = NO;
				DEBUG_INFORMATION_FORMAT = "dwarf-with-dsym";
				ENABLE_NS_ASSERTIONS = NO;
				ENABLE_STRICT_OBJC_MSGSEND = YES;
				GCC_C_LANGUAGE_STANDARD = gnu99;
				GCC_NO_COMMON_BLOCKS = YES;
				GCC_WARN_64_TO_32_BIT_CONVERSION = YES;
				GCC_WARN_ABOUT_RETURN_TYPE = YES_ERROR;
				GCC_WARN_UNDECLARED_SELECTOR = YES;
				GCC_WARN_UNINITIALIZED_AUTOS = YES_AGGRESSIVE;
				GCC_WARN_UNUSED_FUNCTION = YES;
				GCC_WARN_UNUSED_VARIABLE = YES;
				IPHONEOS_DEPLOYMENT_TARGET = 10.1;
				MTL_ENABLE_DEBUG_INFO = NO;
				SDKROOT = iphoneos;
				SWIFT_OPTIMIZATION_LEVEL = "-Owholemodule";
				VALIDATE_PRODUCT = YES;
			};
			name = Release;
		};
		743135E51E005A8700984253 /* Debug */ = {
			isa = XCBuildConfiguration;
			baseConfigurationReference = D560480793027C18F8F83FE7 /* Pods-Focacia.debug.xcconfig */;
			buildSettings = {
				ASSETCATALOG_COMPILER_APPICON_NAME = AppIcon;
				CLANG_ENABLE_MODULES = YES;
				INFOPLIST_FILE = Focacia/Info.plist;
				LD_RUNPATH_SEARCH_PATHS = "$(inherited) @executable_path/Frameworks";
				PRODUCT_BUNDLE_IDENTIFIER = yegorsMac.Focacia;
				PRODUCT_NAME = "$(TARGET_NAME)";
				SWIFT_OBJC_BRIDGING_HEADER = "Focacia/Focacia-Bridging-Header.h";
				SWIFT_OPTIMIZATION_LEVEL = "-Onone";
				SWIFT_VERSION = 3.0;
			};
			name = Debug;
		};
		743135E61E005A8700984253 /* Release */ = {
			isa = XCBuildConfiguration;
			baseConfigurationReference = 9C17E692B53C25AF00D5720F /* Pods-Focacia.release.xcconfig */;
			buildSettings = {
				ASSETCATALOG_COMPILER_APPICON_NAME = AppIcon;
				CLANG_ENABLE_MODULES = YES;
				INFOPLIST_FILE = Focacia/Info.plist;
				LD_RUNPATH_SEARCH_PATHS = "$(inherited) @executable_path/Frameworks";
				PRODUCT_BUNDLE_IDENTIFIER = yegorsMac.Focacia;
				PRODUCT_NAME = "$(TARGET_NAME)";
				SWIFT_OBJC_BRIDGING_HEADER = "Focacia/Focacia-Bridging-Header.h";
				SWIFT_VERSION = 3.0;
			};
			name = Release;
		};
/* End XCBuildConfiguration section */

/* Begin XCConfigurationList section */
		743135CD1E005A8600984253 /* Build configuration list for PBXProject "Focacia" */ = {
			isa = XCConfigurationList;
			buildConfigurations = (
				743135E21E005A8700984253 /* Debug */,
				743135E31E005A8700984253 /* Release */,
			);
			defaultConfigurationIsVisible = 0;
			defaultConfigurationName = Release;
		};
		743135E41E005A8700984253 /* Build configuration list for PBXNativeTarget "Focacia" */ = {
			isa = XCConfigurationList;
			buildConfigurations = (
				743135E51E005A8700984253 /* Debug */,
				743135E61E005A8700984253 /* Release */,
			);
			defaultConfigurationIsVisible = 0;
			defaultConfigurationName = Release;
		};
/* End XCConfigurationList section */
	};
	rootObject = 743135CA1E005A8600984253 /* Project object */;
}
